
Microsoft Visual Studio Solution File, Format Version 12.00
# Visual Studio 15
VisualStudioVersion = 15.0.26228.4
MinimumVisualStudioVersion = 10.0.40219.1
Project("{FAE04EC0-301F-11D3-BF4B-00C04F79EFBC}") = "SISA.UI", "Sisa\SISA.UI.csproj", "{5510219A-9316-4542-A9C4-3B03D4AF0274}"
EndProject
Project("{FAE04EC0-301F-11D3-BF4B-00C04F79EFBC}") = "SISA.Business", "SISA.Business\SISA.Business.csproj", "{03CEDF78-60F1-4948-A42F-4FC01884B827}"
EndProject
Project("{FAE04EC0-301F-11D3-BF4B-00C04F79EFBC}") = "SISA.DataAccess", "SISA.DataAccess\SISA.DataAccess.csproj", "{06AC1C1F-AEBE-4A77-A576-EF81177412E6}"
EndProject
Project("{FAE04EC0-301F-11D3-BF4B-00C04F79EFBC}") = "SISA.Common", "SISA.Common\SISA.Common.csproj", "{AD7114E0-EBFF-437D-8A7D-F144AF64E01E}"
EndProject
Global
	GlobalSection(SolutionConfigurationPlatforms) = preSolution
		Debug|Any CPU = Debug|Any CPU
		Release|Any CPU = Release|Any CPU
	EndGlobalSection
	GlobalSection(ProjectConfigurationPlatforms) = postSolution
		{5510219A-9316-4542-A9C4-3B03D4AF0274}.Debug|Any CPU.ActiveCfg = Debug|Any CPU
		{5510219A-9316-4542-A9C4-3B03D4AF0274}.Debug|Any CPU.Build.0 = Debug|Any CPU
		{5510219A-9316-4542-A9C4-3B03D4AF0274}.Release|Any CPU.ActiveCfg = Release|Any CPU
		{5510219A-9316-4542-A9C4-3B03D4AF0274}.Release|Any CPU.Build.0 = Release|Any CPU
		{03CEDF78-60F1-4948-A42F-4FC01884B827}.Debug|Any CPU.ActiveCfg = Debug|Any CPU
		{03CEDF78-60F1-4948-A42F-4FC01884B827}.Debug|Any CPU.Build.0 = Debug|Any CPU
		{03CEDF78-60F1-4948-A42F-4FC01884B827}.Release|Any CPU.ActiveCfg = Release|Any CPU
		{03CEDF78-60F1-4948-A42F-4FC01884B827}.Release|Any CPU.Build.0 = Release|Any CPU
		{06AC1C1F-AEBE-4A77-A576-EF81177412E6}.Debug|Any CPU.ActiveCfg = Debug|Any CPU
		{06AC1C1F-AEBE-4A77-A576-EF81177412E6}.Debug|Any CPU.Build.0 = Debug|Any CPU
		{06AC1C1F-AEBE-4A77-A576-EF81177412E6}.Release|Any CPU.ActiveCfg = Release|Any CPU
		{06AC1C1F-AEBE-4A77-A576-EF81177412E6}.Release|Any CPU.Build.0 = Release|Any CPU
		{AD7114E0-EBFF-437D-8A7D-F144AF64E01E}.Debug|Any CPU.ActiveCfg = Debug|Any CPU
		{AD7114E0-EBFF-437D-8A7D-F144AF64E01E}.Debug|Any CPU.Build.0 = Debug|Any CPU
		{AD7114E0-EBFF-437D-8A7D-F144AF64E01E}.Release|Any CPU.ActiveCfg = Release|Any CPU
		{AD7114E0-EBFF-437D-8A7D-F144AF64E01E}.Release|Any CPU.Build.0 = Release|Any CPU
	EndGlobalSection
	GlobalSection(SolutionProperties) = preSolution
		HideSolutionNode = FALSE
	EndGlobalSection
EndGlobal
